
Microsoft Visual Studio Solution File, Format Version 12.00
# Visual Studio Version 17
VisualStudioVersion = 17.1.32421.90
MinimumVisualStudioVersion = 10.0.40219.1
Project("{FAE04EC0-301F-11D3-BF4B-00C04F79EFBC}") = "ByteBank", "ByteBank\ByteBank.csproj", "{D413DDD0-D04C-4110-B45B-8DFF366F16D6}"
EndProject
Project("{FAE04EC0-301F-11D3-BF4B-00C04F79EFBC}") = "ByteBank.Modelos", "ByteBank.Modelos\ByteBank.Modelos.csproj", "{4A285E28-3D49-49FB-9E6B-FA82BFF9A99D}"
EndProject
Global
	GlobalSection(SolutionConfigurationPlatforms) = preSolution
		Debug|Any CPU = Debug|Any CPU
		Release|Any CPU = Release|Any CPU
	EndGlobalSection
	GlobalSection(ProjectConfigurationPlatforms) = postSolution
		{D413DDD0-D04C-4110-B45B-8DFF366F16D6}.Debug|Any CPU.ActiveCfg = Debug|Any CPU
		{D413DDD0-D04C-4110-B45B-8DFF366F16D6}.Debug|Any CPU.Build.0 = Debug|Any CPU
		{D413DDD0-D04C-4110-B45B-8DFF366F16D6}.Release|Any CPU.ActiveCfg = Release|Any CPU
		{D413DDD0-D04C-4110-B45B-8DFF366F16D6}.Release|Any CPU.Build.0 = Release|Any CPU
		{4A285E28-3D49-49FB-9E6B-FA82BFF9A99D}.Debug|Any CPU.ActiveCfg = Debug|Any CPU
		{4A285E28-3D49-49FB-9E6B-FA82BFF9A99D}.Debug|Any CPU.Build.0 = Debug|Any CPU
		{4A285E28-3D49-49FB-9E6B-FA82BFF9A99D}.Release|Any CPU.ActiveCfg = Release|Any CPU
		{4A285E28-3D49-49FB-9E6B-FA82BFF9A99D}.Release|Any CPU.Build.0 = Release|Any CPU
	EndGlobalSection
	GlobalSection(SolutionProperties) = preSolution
		HideSolutionNode = FALSE
	EndGlobalSection
	GlobalSection(ExtensibilityGlobals) = postSolution
		SolutionGuid = {AB0E245B-BA61-428E-B718-E9F08A6EFA0F}
	EndGlobalSection
EndGlobal
